
Microsoft Visual Studio Solution File, Format Version 12.00
# Visual Studio Version 17
VisualStudioVersion = 17.14.36511.14
MinimumVisualStudioVersion = 10.0.40219.1
Project("{FAE04EC0-301F-11D3-BF4B-00C04F79EFBC}") = "DSAL01E_MORATA", "DSAL01E_MORATA\DSAL01E_MORATA.csproj", "{7C48B5FD-82D9-4B9D-828A-D388F8C2189B}"
EndProject
Project("{FAE04EC0-301F-11D3-BF4B-00C04F79EFBC}") = "DuplicateForms", "DuplicateForms\DuplicateForms.csproj", "{F1E6BE9C-576B-43F4-8446-F8B6A1B45912}"
EndProject
Global
	GlobalSection(SolutionConfigurationPlatforms) = preSolution
		Debug|Any CPU = Debug|Any CPU
		Release|Any CPU = Release|Any CPU
	EndGlobalSection
	GlobalSection(ProjectConfigurationPlatforms) = postSolution
		{7C48B5FD-82D9-4B9D-828A-D388F8C2189B}.Debug|Any CPU.ActiveCfg = Debug|Any CPU
		{7C48B5FD-82D9-4B9D-828A-D388F8C2189B}.Debug|Any CPU.Build.0 = Debug|Any CPU
		{7C48B5FD-82D9-4B9D-828A-D388F8C2189B}.Release|Any CPU.ActiveCfg = Release|Any CPU
		{7C48B5FD-82D9-4B9D-828A-D388F8C2189B}.Release|Any CPU.Build.0 = Release|Any CPU
		{F1E6BE9C-576B-43F4-8446-F8B6A1B45912}.Debug|Any CPU.ActiveCfg = Debug|Any CPU
		{F1E6BE9C-576B-43F4-8446-F8B6A1B45912}.Debug|Any CPU.Build.0 = Debug|Any CPU
		{F1E6BE9C-576B-43F4-8446-F8B6A1B45912}.Release|Any CPU.ActiveCfg = Release|Any CPU
		{F1E6BE9C-576B-43F4-8446-F8B6A1B45912}.Release|Any CPU.Build.0 = Release|Any CPU
	EndGlobalSection
	GlobalSection(SolutionProperties) = preSolution
		HideSolutionNode = FALSE
	EndGlobalSection
	GlobalSection(ExtensibilityGlobals) = postSolution
		SolutionGuid = {18ABCEE1-0DC1-4306-AB75-34CAB5D541FC}
	EndGlobalSection
EndGlobal
